<Solution>
  <Folder Name="/src/" />
  <Folder Name="/src/Kernel/">
    <Project Path="src/Kernel/CathedrAll.Kernel.Application/CathedrAll.Kernel.Application.csproj" />
    <Project Path="src/Kernel/CathedrAll.Kernel.Domain/CathedrAll.Kernel.Domain.csproj" />
    <Project Path="src/Kernel/CathedrAll.Kernel.Infrastructure/CathedrAll.Kernel.Infrastructure.csproj" />
  </Folder>
  <Folder Name="/tests/">
    <Project Path="tests/CathedrAll.Api.Tests/CathedrAll.Api.Tests.csproj" />
    <Project Path="tests/CathedrAll.Kernel.Application.Tests/CathedrAll.Kernel.Application.Tests.csproj" />
    <Project Path="tests/CathedrAll.Kernel.Domain.Tests/CathedrAll.Kernel.Domain.Tests.csproj" />
    <Project Path="tests/CathedrAll.Kernel.Infrastructure.Tests/CathedrAll.Kernel.Infrastructure.Tests.csproj" />
  </Folder>
  <Folder Name="/src/Bootstrapper/">
    <Project Path="src/Bootstrapper/CathedrAll.Api/CathedrAll.Api.csproj" />
  </Folder>
</Solution>
